{
  "meteor": {},
  "dependencies": {
    "basePackages": {
      "iron-router": {
        "version": "0.6.1"
      },
      "accounts-entry": {
        "version": "0.4.4"
      },
      "bootstrap-3": {
        "version": "0.3.7"
      },
      "scss": {
        "version": "0.7.0"
      },
      "font-awesome": {
        "version": "4.0.3"
      },
      "filepicker": {
        "version": "0.4.0"
      },
      "bootboxjs": {
        "git": "git@github.com:chrisbutler/meteor-bootboxjs.git",
        "branch": "master"
      }
    },
    "packages": {
      "iron-router": {
        "git": "https://github.com/EventedMind/iron-router.git",
        "tag": "v0.6.1",
        "commit": "4e1ee0581d68bff422a915dacb0bd30eae10fe08"
      },
      "accounts-entry": {
        "git": "https://github.com/BeDifferential/accounts-entry.git",
        "tag": "v0.4.4",
        "commit": "56cee1ff5afe2ce5be7b749cd74fc939fc9ce781"
      },
      "bootstrap-3": {
        "git": "https://github.com/mangasocial/meteor-bootstrap-3.git",
        "tag": "v0.3.7",
        "commit": "5dd0d142c870647b910be80bc777b96f0dd45e5e"
      },
      "scss": {
        "git": "https://github.com/fourseven/meteor-scss.git",
        "tag": "v0.7.0",
        "commit": "39f60d58c2b890bdd897ef52188644f3093fc2ac"
      },
      "font-awesome": {
        "git": "https://github.com/nate-strauser/meteor-font-awesome.git",
        "tag": "v4.0.3",
        "commit": "61e9361384347547ae144f8228faa4deffda23db"
      },
      "filepicker": {
        "git": "https://github.com/Ink/meteor.git",
        "tag": "v0.4.0",
        "commit": "20d56aaaf48be3a5c0499547a495a6463b4fa3d9"
      },
      "bootboxjs": {
        "git": "git@github.com:chrisbutler/meteor-bootboxjs.git",
        "branch": "master",
        "commit": "89291f0997d5a677c9c01697ab261b8c8aa25182"
      }
    }
  }
}
